
Microsoft Visual Studio Solution File, Format Version 12.00
# Visual Studio Version 17
VisualStudioVersion = 17.13.35806.99 d17.13
MinimumVisualStudioVersion = 10.0.40219.1
Project("{FAE04EC0-301F-11D3-BF4B-00C04F79EFBC}") = "DeQuiz", "DeQuiz.csproj", "{F6958E35-273C-4214-93B8-ABF0D8840A86}"
EndProject
Global
	GlobalSection(SolutionConfigurationPlatforms) = preSolution
		Debug|Any CPU = Debug|Any CPU
		Release|Any CPU = Release|Any CPU
	EndGlobalSection
	GlobalSection(ProjectConfigurationPlatforms) = postSolution
		{F6958E35-273C-4214-93B8-ABF0D8840A86}.Debug|Any CPU.ActiveCfg = Debug|Any CPU
		{F6958E35-273C-4214-93B8-ABF0D8840A86}.Debug|Any CPU.Build.0 = Debug|Any CPU
		{F6958E35-273C-4214-93B8-ABF0D8840A86}.Release|Any CPU.ActiveCfg = Release|Any CPU
		{F6958E35-273C-4214-93B8-ABF0D8840A86}.Release|Any CPU.Build.0 = Release|Any CPU
	EndGlobalSection
	GlobalSection(SolutionProperties) = preSolution
		HideSolutionNode = FALSE
	EndGlobalSection
	GlobalSection(ExtensibilityGlobals) = postSolution
		SolutionGuid = {E501C850-9C0F-4F8D-8CF2-F75E11EF8E34}
	EndGlobalSection
EndGlobal
